
Microsoft Visual Studio Solution File, Format Version 12.00
# Visual Studio Version 16
VisualStudioVersion = 16.0.28729.10
MinimumVisualStudioVersion = 10.0.40219.1
Project("{FAE04EC0-301F-11D3-BF4B-00C04F79EFBC}") = "Terjime", "Terjime\Terjime.csproj", "{5EA70A3F-2287-4E91-BB13-1CA7233F4082}"
EndProject
Global
	GlobalSection(SolutionConfigurationPlatforms) = preSolution
		Debug|Any CPU = Debug|Any CPU
		Release|Any CPU = Release|Any CPU
	EndGlobalSection
	GlobalSection(ProjectConfigurationPlatforms) = postSolution
		{5EA70A3F-2287-4E91-BB13-1CA7233F4082}.Debug|Any CPU.ActiveCfg = Debug|Any CPU
		{5EA70A3F-2287-4E91-BB13-1CA7233F4082}.Debug|Any CPU.Build.0 = Debug|Any CPU
		{5EA70A3F-2287-4E91-BB13-1CA7233F4082}.Release|Any CPU.ActiveCfg = Release|Any CPU
		{5EA70A3F-2287-4E91-BB13-1CA7233F4082}.Release|Any CPU.Build.0 = Release|Any CPU
	EndGlobalSection
	GlobalSection(SolutionProperties) = preSolution
		HideSolutionNode = FALSE
	EndGlobalSection
	GlobalSection(ExtensibilityGlobals) = postSolution
		SolutionGuid = {5832AEB3-2CC5-4F25-A009-328783D44E67}
	EndGlobalSection
EndGlobal
